version = 1
requires-python = ">=3.12"

[[package]]
name = "hello-world"
version = "0.1.0"
source = { virtual = "." }
dependencies = [
    { name = "pytubefix" },
]

[package.metadata]
requires-dist = [{ name = "pytubefix", specifier = ">=8.8.2" }]

[[package]]
name = "pytubefix"
version = "8.8.2"
source = { registry = "https://pypi.org/simple" }
sdist = { url = "https://files.pythonhosted.org/packages/4c/c3/695799bae143d93182cf462b1295cb5e42056e73e687df376b91f3125cd9/pytubefix-8.8.2.tar.gz", hash = "sha256:918d38b58024bdad34b0d2c12e35d37962764250ab37c7c126f1cc27db3b2225", size = 88616 }
wheels = [
    { url = "https://files.pythonhosted.org/packages/64/a1/baa5f9793f3ddf453671e19cdaf0d1f15b225011c9ea4f62fa2d14869165/pytubefix-8.8.2-py3-none-any.whl", hash = "sha256:a2e75def3d72004558829505a4f632915fa781834943d491bfe315d4fbc7c558", size = 85353 },
]
